// !$*UTF8*$!
{
	archiveVersion = 1;
	classes = {
	};
	objectVersion = 56;
	objects = {

/* Begin PBXBuildFile section */
		11195DB22A0D7A8A002267DD /* Alamofire in Frameworks */ = {isa = PBXBuildFile; productRef = 11195DB12A0D7A8A002267DD /* Alamofire */; };
		11195DB42A0E7ECC002267DD /* CharacterViewController.swift in Sources */ = {isa = PBXBuildFile; fileRef = 11195DB32A0E7ECC002267DD /* CharacterViewController.swift */; };
		115169652A0AC7DB0068014F /* AppDelegate.swift in Sources */ = {isa = PBXBuildFile; fileRef = 115169642A0AC7DB0068014F /* AppDelegate.swift */; };
		115169672A0AC7DB0068014F /* SceneDelegate.swift in Sources */ = {isa = PBXBuildFile; fileRef = 115169662A0AC7DB0068014F /* SceneDelegate.swift */; };
		1151696C2A0AC7DB0068014F /* Main.storyboard in Resources */ = {isa = PBXBuildFile; fileRef = 1151696A2A0AC7DB0068014F /* Main.storyboard */; };
		1151696E2A0AC7DC0068014F /* Assets.xcassets in Resources */ = {isa = PBXBuildFile; fileRef = 1151696D2A0AC7DC0068014F /* Assets.xcassets */; };
		115169712A0AC7DC0068014F /* LaunchScreen.storyboard in Resources */ = {isa = PBXBuildFile; fileRef = 1151696F2A0AC7DC0068014F /* LaunchScreen.storyboard */; };
		115169792A0ACB900068014F /* RickAndMorty.swift in Sources */ = {isa = PBXBuildFile; fileRef = 115169782A0ACB900068014F /* RickAndMorty.swift */; };
		1151697C2A0ACFA00068014F /* CharacterListViewController.swift in Sources */ = {isa = PBXBuildFile; fileRef = 1151697B2A0ACFA00068014F /* CharacterListViewController.swift */; };
		1151697E2A0ACFD90068014F /* CharacterViewCell.swift in Sources */ = {isa = PBXBuildFile; fileRef = 1151697D2A0ACFD80068014F /* CharacterViewCell.swift */; };
		115169802A0AD4800068014F /* NetworkManager.swift in Sources */ = {isa = PBXBuildFile; fileRef = 1151697F2A0AD4800068014F /* NetworkManager.swift */; };
/* End PBXBuildFile section */

/* Begin PBXFileReference section */
		11195DB32A0E7ECC002267DD /* CharacterViewController.swift */ = {isa = PBXFileReference; lastKnownFileType = sourcecode.swift; path = CharacterViewController.swift; sourceTree = "<group>"; };
		115169612A0AC7DB0068014F /* RickAndMortyAPI.app */ = {isa = PBXFileReference; explicitFileType = wrapper.application; includeInIndex = 0; path = RickAndMortyAPI.app; sourceTree = BUILT_PRODUCTS_DIR; };
		115169642A0AC7DB0068014F /* AppDelegate.swift */ = {isa = PBXFileReference; lastKnownFileType = sourcecode.swift; path = AppDelegate.swift; sourceTree = "<group>"; };
		115169662A0AC7DB0068014F /* SceneDelegate.swift */ = {isa = PBXFileReference; lastKnownFileType = sourcecode.swift; path = SceneDelegate.swift; sourceTree = "<group>"; };
		1151696B2A0AC7DB0068014F /* Base */ = {isa = PBXFileReference; lastKnownFileType = file.storyboard; name = Base; path = Base.lproj/Main.storyboard; sourceTree = "<group>"; };
		1151696D2A0AC7DC0068014F /* Assets.xcassets */ = {isa = PBXFileReference; lastKnownFileType = folder.assetcatalog; path = Assets.xcassets; sourceTree = "<group>"; };
		115169702A0AC7DC0068014F /* Base */ = {isa = PBXFileReference; lastKnownFileType = file.storyboard; name = Base; path = Base.lproj/LaunchScreen.storyboard; sourceTree = "<group>"; };
		115169722A0AC7DC0068014F /* Info.plist */ = {isa = PBXFileReference; lastKnownFileType = text.plist.xml; path = Info.plist; sourceTree = "<group>"; };
		115169782A0ACB900068014F /* RickAndMorty.swift */ = {isa = PBXFileReference; lastKnownFileType = sourcecode.swift; path = RickAndMorty.swift; sourceTree = "<group>"; };
		1151697B2A0ACFA00068014F /* CharacterListViewController.swift */ = {isa = PBXFileReference; lastKnownFileType = sourcecode.swift; path = CharacterListViewController.swift; sourceTree = "<group>"; };
		1151697D2A0ACFD80068014F /* CharacterViewCell.swift */ = {isa = PBXFileReference; lastKnownFileType = sourcecode.swift; path = CharacterViewCell.swift; sourceTree = "<group>"; };
		1151697F2A0AD4800068014F /* NetworkManager.swift */ = {isa = PBXFileReference; lastKnownFileType = sourcecode.swift; path = NetworkManager.swift; sourceTree = "<group>"; };
/* End PBXFileReference section */

/* Begin PBXFrameworksBuildPhase section */
		1151695E2A0AC7DB0068014F /* Frameworks */ = {
			isa = PBXFrameworksBuildPhase;
			buildActionMask = 2147483647;
			files = (
				11195DB22A0D7A8A002267DD /* Alamofire in Frameworks */,
			);
			runOnlyForDeploymentPostprocessing = 0;
		};
/* End PBXFrameworksBuildPhase section */

/* Begin PBXGroup section */
		115169582A0AC7DB0068014F = {
			isa = PBXGroup;
			children = (
				115169632A0AC7DB0068014F /* RickAndMortyAPI */,
				115169622A0AC7DB0068014F /* Products */,
			);
			sourceTree = "<group>";
		};
		115169622A0AC7DB0068014F /* Products */ = {
			isa = PBXGroup;
			children = (
				115169612A0AC7DB0068014F /* RickAndMortyAPI.app */,
			);
			name = Products;
			sourceTree = "<group>";
		};
		115169632A0AC7DB0068014F /* RickAndMortyAPI */ = {
			isa = PBXGroup;
			children = (
				1154DA282A0BE78D00BE4484 /* ViewControllers */,
				1154DA2A2A0BE7B000BE4484 /* Views */,
				1154DA2B2A0BE7DD00BE4484 /* Services */,
				1151697A2A0ACB950068014F /* Models */,
				1154DA292A0BE7A100BE4484 /* Storyboards */,
				1154DA2C2A0BE80100BE4484 /* App */,
				1154DA2D2A0BE80900BE4484 /* Resources */,
			);
			path = RickAndMortyAPI;
			sourceTree = "<group>";
		};
		1151697A2A0ACB950068014F /* Models */ = {
			isa = PBXGroup;
			children = (
				115169782A0ACB900068014F /* RickAndMorty.swift */,
			);
			path = Models;
			sourceTree = "<group>";
		};
		1154DA282A0BE78D00BE4484 /* ViewControllers */ = {
			isa = PBXGroup;
			children = (
				1151697B2A0ACFA00068014F /* CharacterListViewController.swift */,
				11195DB32A0E7ECC002267DD /* CharacterViewController.swift */,
			);
			path = ViewControllers;
			sourceTree = "<group>";
		};
		1154DA292A0BE7A100BE4484 /* Storyboards */ = {
			isa = PBXGroup;
			children = (
				1151696A2A0AC7DB0068014F /* Main.storyboard */,
				1151696F2A0AC7DC0068014F /* LaunchScreen.storyboard */,
			);
			path = Storyboards;
			sourceTree = "<group>";
		};
		1154DA2A2A0BE7B000BE4484 /* Views */ = {
			isa = PBXGroup;
			children = (
				1151697D2A0ACFD80068014F /* CharacterViewCell.swift */,
			);
			path = Views;
			sourceTree = "<group>";
		};
		1154DA2B2A0BE7DD00BE4484 /* Services */ = {
			isa = PBXGroup;
			children = (
				1151697F2A0AD4800068014F /* NetworkManager.swift */,
			);
			path = Services;
			sourceTree = "<group>";
		};
		1154DA2C2A0BE80100BE4484 /* App */ = {
			isa = PBXGroup;
			children = (
				115169642A0AC7DB0068014F /* AppDelegate.swift */,
				115169662A0AC7DB0068014F /* SceneDelegate.swift */,
				115169722A0AC7DC0068014F /* Info.plist */,
			);
			path = App;
			sourceTree = "<group>";
		};
		1154DA2D2A0BE80900BE4484 /* Resources */ = {
			isa = PBXGroup;
			children = (
				1151696D2A0AC7DC0068014F /* Assets.xcassets */,
			);
			path = Resources;
			sourceTree = "<group>";
		};
/* End PBXGroup section */

/* Begin PBXNativeTarget section */
		115169602A0AC7DB0068014F /* RickAndMortyAPI */ = {
			isa = PBXNativeTarget;
			buildConfigurationList = 115169752A0AC7DC0068014F /* Build configuration list for PBXNativeTarget "RickAndMortyAPI" */;
			buildPhases = (
				1151695D2A0AC7DB0068014F /* Sources */,
				1151695E2A0AC7DB0068014F /* Frameworks */,
				1151695F2A0AC7DB0068014F /* Resources */,
			);
			buildRules = (
			);
			dependencies = (
			);
			name = RickAndMortyAPI;
			packageProductDependencies = (
				11195DB12A0D7A8A002267DD /* Alamofire */,
			);
			productName = RickAndMortyAPI;
			productReference = 115169612A0AC7DB0068014F /* RickAndMortyAPI.app */;
			productType = "com.apple.product-type.application";
		};
/* End PBXNativeTarget section */

/* Begin PBXProject section */
		115169592A0AC7DB0068014F /* Project object */ = {
			isa = PBXProject;
			attributes = {
				BuildIndependentTargetsInParallel = 1;
				LastSwiftUpdateCheck = 1430;
				LastUpgradeCheck = 1430;
				TargetAttributes = {
					115169602A0AC7DB0068014F = {
						CreatedOnToolsVersion = 14.3;
					};
				};
			};
			buildConfigurationList = 1151695C2A0AC7DB0068014F /* Build configuration list for PBXProject "RickAndMortyAPI" */;
			compatibilityVersion = "Xcode 14.0";
			developmentRegion = en;
			hasScannedForEncodings = 0;
			knownRegions = (
				en,
				Base,
			);
			mainGroup = 115169582A0AC7DB0068014F;
			packageReferences = (
				11195DB02A0D7A8A002267DD /* XCRemoteSwiftPackageReference "Alamofire" */,
			);
			productRefGroup = 115169622A0AC7DB0068014F /* Products */;
			projectDirPath = "";
			projectRoot = "";
			targets = (
				115169602A0AC7DB0068014F /* RickAndMortyAPI */,
			);
		};
/* End PBXProject section */

/* Begin PBXResourcesBuildPhase section */
		1151695F2A0AC7DB0068014F /* Resources */ = {
			isa = PBXResourcesBuildPhase;
			buildActionMask = 2147483647;
			files = (
				115169712A0AC7DC0068014F /* LaunchScreen.storyboard in Resources */,
				1151696E2A0AC7DC0068014F /* Assets.xcassets in Resources */,
				1151696C2A0AC7DB0068014F /* Main.storyboard in Resources */,
			);
			runOnlyForDeploymentPostprocessing = 0;
		};
/* End PBXResourcesBuildPhase section */

/* Begin PBXSourcesBuildPhase section */
		1151695D2A0AC7DB0068014F /* Sources */ = {
			isa = PBXSourcesBuildPhase;
			buildActionMask = 2147483647;
			files = (
				1151697E2A0ACFD90068014F /* CharacterViewCell.swift in Sources */,
				115169652A0AC7DB0068014F /* AppDelegate.swift in Sources */,
				11195DB42A0E7ECC002267DD /* CharacterViewController.swift in Sources */,
				1151697C2A0ACFA00068014F /* CharacterListViewController.swift in Sources */,
				115169672A0AC7DB0068014F /* SceneDelegate.swift in Sources */,
				115169792A0ACB900068014F /* RickAndMorty.swift in Sources */,
				115169802A0AD4800068014F /* NetworkManager.swift in Sources */,
			);
			runOnlyForDeploymentPostprocessing = 0;
		};
/* End PBXSourcesBuildPhase section */

/* Begin PBXVariantGroup section */
		1151696A2A0AC7DB0068014F /* Main.storyboard */ = {
			isa = PBXVariantGroup;
			children = (
				1151696B2A0AC7DB0068014F /* Base */,
			);
			name = Main.storyboard;
			sourceTree = "<group>";
		};
		1151696F2A0AC7DC0068014F /* LaunchScreen.storyboard */ = {
			isa = PBXVariantGroup;
			children = (
				115169702A0AC7DC0068014F /* Base */,
			);
			name = LaunchScreen.storyboard;
			sourceTree = "<group>";
		};
/* End PBXVariantGroup section */

/* Begin XCBuildConfiguration section */
		115169732A0AC7DC0068014F /* Debug */ = {
			isa = XCBuildConfiguration;
			buildSettings = {
				ALWAYS_SEARCH_USER_PATHS = NO;
				CLANG_ANALYZER_NONNULL = YES;
				CLANG_ANALYZER_NUMBER_OBJECT_CONVERSION = YES_AGGRESSIVE;
				CLANG_CXX_LANGUAGE_STANDARD = "gnu++20";
				CLANG_ENABLE_MODULES = YES;
				CLANG_ENABLE_OBJC_ARC = YES;
				CLANG_ENABLE_OBJC_WEAK = YES;
				CLANG_WARN_BLOCK_CAPTURE_AUTORELEASING = YES;
				CLANG_WARN_BOOL_CONVERSION = YES;
				CLANG_WARN_COMMA = YES;
				CLANG_WARN_CONSTANT_CONVERSION = YES;
				CLANG_WARN_DEPRECATED_OBJC_IMPLEMENTATIONS = YES;
				CLANG_WARN_DIRECT_OBJC_ISA_USAGE = YES_ERROR;
				CLANG_WARN_DOCUMENTATION_COMMENTS = YES;
				CLANG_WARN_EMPTY_BODY = YES;
				CLANG_WARN_ENUM_CONVERSION = YES;
				CLANG_WARN_INFINITE_RECURSION = YES;
				CLANG_WARN_INT_CONVERSION = YES;
				CLANG_WARN_NON_LITERAL_NULL_CONVERSION = YES;
				CLANG_WARN_OBJC_IMPLICIT_RETAIN_SELF = YES;
				CLANG_WARN_OBJC_LITERAL_CONVERSION = YES;
				CLANG_WARN_OBJC_ROOT_CLASS = YES_ERROR;
				CLANG_WARN_QUOTED_INCLUDE_IN_FRAMEWORK_HEADER = YES;
				CLANG_WARN_RANGE_LOOP_ANALYSIS = YES;
				CLANG_WARN_STRICT_PROTOTYPES = YES;
				CLANG_WARN_SUSPICIOUS_MOVE = YES;
				CLANG_WARN_UNGUARDED_AVAILABILITY = YES_AGGRESSIVE;
				CLANG_WARN_UNREACHABLE_CODE = YES;
				CLANG_WARN__DUPLICATE_METHOD_MATCH = YES;
				COPY_PHASE_STRIP = NO;
				DEBUG_INFORMATION_FORMAT = dwarf;
				ENABLE_STRICT_OBJC_MSGSEND = YES;
				ENABLE_TESTABILITY = YES;
				GCC_C_LANGUAGE_STANDARD = gnu11;
				GCC_DYNAMIC_NO_PIC = NO;
				GCC_NO_COMMON_BLOCKS = YES;
				GCC_OPTIMIZATION_LEVEL = 0;
				GCC_PREPROCESSOR_DEFINITIONS = (
					"DEBUG=1",
					"$(inherited)",
				);
				GCC_WARN_64_TO_32_BIT_CONVERSION = YES;
				GCC_WARN_ABOUT_RETURN_TYPE = YES_ERROR;
				GCC_WARN_UNDECLARED_SELECTOR = YES;
				GCC_WARN_UNINITIALIZED_AUTOS = YES_AGGRESSIVE;
				GCC_WARN_UNUSED_FUNCTION = YES;
				GCC_WARN_UNUSED_VARIABLE = YES;
				IPHONEOS_DEPLOYMENT_TARGET = 16.4;
				MTL_ENABLE_DEBUG_INFO = INCLUDE_SOURCE;
				MTL_FAST_MATH = YES;
				ONLY_ACTIVE_ARCH = YES;
				SDKROOT = iphoneos;
				SWIFT_ACTIVE_COMPILATION_CONDITIONS = DEBUG;
				SWIFT_OPTIMIZATION_LEVEL = "-Onone";
			};
			name = Debug;
		};
		115169742A0AC7DC0068014F /* Release */ = {
			isa = XCBuildConfiguration;
			buildSettings = {
				ALWAYS_SEARCH_USER_PATHS = NO;
				CLANG_ANALYZER_NONNULL = YES;
				CLANG_ANALYZER_NUMBER_OBJECT_CONVERSION = YES_AGGRESSIVE;
				CLANG_CXX_LANGUAGE_STANDARD = "gnu++20";
				CLANG_ENABLE_MODULES = YES;
				CLANG_ENABLE_OBJC_ARC = YES;
				CLANG_ENABLE_OBJC_WEAK = YES;
				CLANG_WARN_BLOCK_CAPTURE_AUTORELEASING = YES;
				CLANG_WARN_BOOL_CONVERSION = YES;
				CLANG_WARN_COMMA = YES;
				CLANG_WARN_CONSTANT_CONVERSION = YES;
				CLANG_WARN_DEPRECATED_OBJC_IMPLEMENTATIONS = YES;
				CLANG_WARN_DIRECT_OBJC_ISA_USAGE = YES_ERROR;
				CLANG_WARN_DOCUMENTATION_COMMENTS = YES;
				CLANG_WARN_EMPTY_BODY = YES;
				CLANG_WARN_ENUM_CONVERSION = YES;
				CLANG_WARN_INFINITE_RECURSION = YES;
				CLANG_WARN_INT_CONVERSION = YES;
				CLANG_WARN_NON_LITERAL_NULL_CONVERSION = YES;
				CLANG_WARN_OBJC_IMPLICIT_RETAIN_SELF = YES;
				CLANG_WARN_OBJC_LITERAL_CONVERSION = YES;
				CLANG_WARN_OBJC_ROOT_CLASS = YES_ERROR;
				CLANG_WARN_QUOTED_INCLUDE_IN_FRAMEWORK_HEADER = YES;
				CLANG_WARN_RANGE_LOOP_ANALYSIS = YES;
				CLANG_WARN_STRICT_PROTOTYPES = YES;
				CLANG_WARN_SUSPICIOUS_MOVE = YES;
				CLANG_WARN_UNGUARDED_AVAILABILITY = YES_AGGRESSIVE;
				CLANG_WARN_UNREACHABLE_CODE = YES;
				CLANG_WARN__DUPLICATE_METHOD_MATCH = YES;
				COPY_PHASE_STRIP = NO;
				DEBUG_INFORMATION_FORMAT = "dwarf-with-dsym";
				ENABLE_NS_ASSERTIONS = NO;
				ENABLE_STRICT_OBJC_MSGSEND = YES;
				GCC_C_LANGUAGE_STANDARD = gnu11;
				GCC_NO_COMMON_BLOCKS = YES;
				GCC_WARN_64_TO_32_BIT_CONVERSION = YES;
				GCC_WARN_ABOUT_RETURN_TYPE = YES_ERROR;
				GCC_WARN_UNDECLARED_SELECTOR = YES;
				GCC_WARN_UNINITIALIZED_AUTOS = YES_AGGRESSIVE;
				GCC_WARN_UNUSED_FUNCTION = YES;
				GCC_WARN_UNUSED_VARIABLE = YES;
				IPHONEOS_DEPLOYMENT_TARGET = 16.4;
				MTL_ENABLE_DEBUG_INFO = NO;
				MTL_FAST_MATH = YES;
				SDKROOT = iphoneos;
				SWIFT_COMPILATION_MODE = wholemodule;
				SWIFT_OPTIMIZATION_LEVEL = "-O";
				VALIDATE_PRODUCT = YES;
			};
			name = Release;
		};
		115169762A0AC7DC0068014F /* Debug */ = {
			isa = XCBuildConfiguration;
			buildSettings = {
				ASSETCATALOG_COMPILER_APPICON_NAME = AppIcon;
				ASSETCATALOG_COMPILER_GLOBAL_ACCENT_COLOR_NAME = AccentColor;
				CODE_SIGN_STYLE = Automatic;
				CURRENT_PROJECT_VERSION = 1;
				DEVELOPMENT_TEAM = JXRD2AKBWK;
				GENERATE_INFOPLIST_FILE = YES;
				INFOPLIST_FILE = RickAndMortyAPI/App/Info.plist;
				INFOPLIST_KEY_UIApplicationSupportsIndirectInputEvents = YES;
				INFOPLIST_KEY_UILaunchStoryboardName = LaunchScreen;
				INFOPLIST_KEY_UIMainStoryboardFile = Main;
				INFOPLIST_KEY_UISupportedInterfaceOrientations_iPad = "UIInterfaceOrientationPortrait UIInterfaceOrientationPortraitUpsideDown UIInterfaceOrientationLandscapeLeft UIInterfaceOrientationLandscapeRight";
				INFOPLIST_KEY_UISupportedInterfaceOrientations_iPhone = "UIInterfaceOrientationPortrait UIInterfaceOrientationLandscapeLeft UIInterfaceOrientationLandscapeRight";
				LD_RUNPATH_SEARCH_PATHS = (
					"$(inherited)",
					"@executable_path/Frameworks",
				);
				MARKETING_VERSION = 1.0;
				PRODUCT_BUNDLE_IDENTIFIER = polochanin.alexander.RickAndMortyAPI;
				PRODUCT_NAME = "$(TARGET_NAME)";
				SWIFT_EMIT_LOC_STRINGS = YES;
				SWIFT_VERSION = 5.0;
				TARGETED_DEVICE_FAMILY = "1,2";
			};
			name = Debug;
		};
		115169772A0AC7DC0068014F /* Release */ = {
			isa = XCBuildConfiguration;
			buildSettings = {
				ASSETCATALOG_COMPILER_APPICON_NAME = AppIcon;
				ASSETCATALOG_COMPILER_GLOBAL_ACCENT_COLOR_NAME = AccentColor;
				CODE_SIGN_STYLE = Automatic;
				CURRENT_PROJECT_VERSION = 1;
				DEVELOPMENT_TEAM = JXRD2AKBWK;
				GENERATE_INFOPLIST_FILE = YES;
				INFOPLIST_FILE = RickAndMortyAPI/App/Info.plist;
				INFOPLIST_KEY_UIApplicationSupportsIndirectInputEvents = YES;
				INFOPLIST_KEY_UILaunchStoryboardName = LaunchScreen;
				INFOPLIST_KEY_UIMainStoryboardFile = Main;
				INFOPLIST_KEY_UISupportedInterfaceOrientations_iPad = "UIInterfaceOrientationPortrait UIInterfaceOrientationPortraitUpsideDown UIInterfaceOrientationLandscapeLeft UIInterfaceOrientationLandscapeRight";
				INFOPLIST_KEY_UISupportedInterfaceOrientations_iPhone = "UIInterfaceOrientationPortrait UIInterfaceOrientationLandscapeLeft UIInterfaceOrientationLandscapeRight";
				LD_RUNPATH_SEARCH_PATHS = (
					"$(inherited)",
					"@executable_path/Frameworks",
				);
				MARKETING_VERSION = 1.0;
				PRODUCT_BUNDLE_IDENTIFIER = polochanin.alexander.RickAndMortyAPI;
				PRODUCT_NAME = "$(TARGET_NAME)";
				SWIFT_EMIT_LOC_STRINGS = YES;
				SWIFT_VERSION = 5.0;
				TARGETED_DEVICE_FAMILY = "1,2";
			};
			name = Release;
		};
/* End XCBuildConfiguration section */

/* Begin XCConfigurationList section */
		1151695C2A0AC7DB0068014F /* Build configuration list for PBXProject "RickAndMortyAPI" */ = {
			isa = XCConfigurationList;
			buildConfigurations = (
				115169732A0AC7DC0068014F /* Debug */,
				115169742A0AC7DC0068014F /* Release */,
			);
			defaultConfigurationIsVisible = 0;
			defaultConfigurationName = Release;
		};
		115169752A0AC7DC0068014F /* Build configuration list for PBXNativeTarget "RickAndMortyAPI" */ = {
			isa = XCConfigurationList;
			buildConfigurations = (
				115169762A0AC7DC0068014F /* Debug */,
				115169772A0AC7DC0068014F /* Release */,
			);
			defaultConfigurationIsVisible = 0;
			defaultConfigurationName = Release;
		};
/* End XCConfigurationList section */

/* Begin XCRemoteSwiftPackageReference section */
		11195DB02A0D7A8A002267DD /* XCRemoteSwiftPackageReference "Alamofire" */ = {
			isa = XCRemoteSwiftPackageReference;
			repositoryURL = "https://github.com/Alamofire/Alamofire.git";
			requirement = {
				kind = exactVersion;
				version = 5.0.0;
			};
		};
/* End XCRemoteSwiftPackageReference section */

/* Begin XCSwiftPackageProductDependency section */
		11195DB12A0D7A8A002267DD /* Alamofire */ = {
			isa = XCSwiftPackageProductDependency;
			package = 11195DB02A0D7A8A002267DD /* XCRemoteSwiftPackageReference "Alamofire" */;
			productName = Alamofire;
		};
/* End XCSwiftPackageProductDependency section */
	};
	rootObject = 115169592A0AC7DB0068014F /* Project object */;
}
